
Microsoft Visual Studio Solution File, Format Version 12.00
# Visual Studio Version 17
VisualStudioVersion = 17.3.32804.467
MinimumVisualStudioVersion = 10.0.40219.1
Project("{FAE04EC0-301F-11D3-BF4B-00C04F79EFBC}") = "Web-scraping", "Web-scraping\Web-scraping.csproj", "{1882AE3C-5BFC-4B91-B252-D9DCE0D04BB7}"
EndProject
Global
	GlobalSection(SolutionConfigurationPlatforms) = preSolution
		Debug|Any CPU = Debug|Any CPU
		Release|Any CPU = Release|Any CPU
	EndGlobalSection
	GlobalSection(ProjectConfigurationPlatforms) = postSolution
		{1882AE3C-5BFC-4B91-B252-D9DCE0D04BB7}.Debug|Any CPU.ActiveCfg = Debug|Any CPU
		{1882AE3C-5BFC-4B91-B252-D9DCE0D04BB7}.Debug|Any CPU.Build.0 = Debug|Any CPU
		{1882AE3C-5BFC-4B91-B252-D9DCE0D04BB7}.Release|Any CPU.ActiveCfg = Release|Any CPU
		{1882AE3C-5BFC-4B91-B252-D9DCE0D04BB7}.Release|Any CPU.Build.0 = Release|Any CPU
	EndGlobalSection
	GlobalSection(SolutionProperties) = preSolution
		HideSolutionNode = FALSE
	EndGlobalSection
	GlobalSection(ExtensibilityGlobals) = postSolution
		SolutionGuid = {603603A1-9DD8-44E4-8BC2-7FBC12568CC4}
	EndGlobalSection
EndGlobal
